
Microsoft Visual Studio Solution File, Format Version 12.00
# Visual Studio Version 17
VisualStudioVersion = 17.2.32602.215
MinimumVisualStudioVersion = 10.0.40219.1
Project("{FAE04EC0-301F-11D3-BF4B-00C04F79EFBC}") = "Øvelser 5", "Øvelser 5\Øvelser 5.csproj", "{FF39CAB7-9816-4D5D-94B6-EF234787EEAB}"
EndProject
Global
	GlobalSection(SolutionConfigurationPlatforms) = preSolution
		Debug|Any CPU = Debug|Any CPU
		Release|Any CPU = Release|Any CPU
	EndGlobalSection
	GlobalSection(ProjectConfigurationPlatforms) = postSolution
		{FF39CAB7-9816-4D5D-94B6-EF234787EEAB}.Debug|Any CPU.ActiveCfg = Debug|Any CPU
		{FF39CAB7-9816-4D5D-94B6-EF234787EEAB}.Debug|Any CPU.Build.0 = Debug|Any CPU
		{FF39CAB7-9816-4D5D-94B6-EF234787EEAB}.Release|Any CPU.ActiveCfg = Release|Any CPU
		{FF39CAB7-9816-4D5D-94B6-EF234787EEAB}.Release|Any CPU.Build.0 = Release|Any CPU
	EndGlobalSection
	GlobalSection(SolutionProperties) = preSolution
		HideSolutionNode = FALSE
	EndGlobalSection
	GlobalSection(ExtensibilityGlobals) = postSolution
		SolutionGuid = {83CE74DF-ACEA-4965-9146-45ECB945A731}
	EndGlobalSection
EndGlobal
