
Microsoft Visual Studio Solution File, Format Version 12.00
# Visual Studio Version 17
VisualStudioVersion = 17.2.32602.215
MinimumVisualStudioVersion = 10.0.40219.1
Project("{FAE04EC0-301F-11D3-BF4B-00C04F79EFBC}") = "CykelForbrænding", "CykelForbrænding\CykelForbrænding.csproj", "{640CBD2A-5761-474B-9A88-650C64CBB005}"
EndProject
Global
	GlobalSection(SolutionConfigurationPlatforms) = preSolution
		Debug|Any CPU = Debug|Any CPU
		Release|Any CPU = Release|Any CPU
	EndGlobalSection
	GlobalSection(ProjectConfigurationPlatforms) = postSolution
		{640CBD2A-5761-474B-9A88-650C64CBB005}.Debug|Any CPU.ActiveCfg = Debug|Any CPU
		{640CBD2A-5761-474B-9A88-650C64CBB005}.Debug|Any CPU.Build.0 = Debug|Any CPU
		{640CBD2A-5761-474B-9A88-650C64CBB005}.Release|Any CPU.ActiveCfg = Release|Any CPU
		{640CBD2A-5761-474B-9A88-650C64CBB005}.Release|Any CPU.Build.0 = Release|Any CPU
	EndGlobalSection
	GlobalSection(SolutionProperties) = preSolution
		HideSolutionNode = FALSE
	EndGlobalSection
	GlobalSection(ExtensibilityGlobals) = postSolution
		SolutionGuid = {7BD59581-C998-441E-80B7-2B8FB17D6EC3}
	EndGlobalSection
EndGlobal
