
Microsoft Visual Studio Solution File, Format Version 12.00
# Visual Studio Version 17
VisualStudioVersion = 17.2.32602.215
MinimumVisualStudioVersion = 10.0.40219.1
Project("{FAE04EC0-301F-11D3-BF4B-00C04F79EFBC}") = "Øvelser 8", "Øvelser 8\Øvelser 8.csproj", "{9E4C6EFA-B702-425A-8983-D64A890E36C7}"
EndProject
Global
	GlobalSection(SolutionConfigurationPlatforms) = preSolution
		Debug|Any CPU = Debug|Any CPU
		Release|Any CPU = Release|Any CPU
	EndGlobalSection
	GlobalSection(ProjectConfigurationPlatforms) = postSolution
		{9E4C6EFA-B702-425A-8983-D64A890E36C7}.Debug|Any CPU.ActiveCfg = Debug|Any CPU
		{9E4C6EFA-B702-425A-8983-D64A890E36C7}.Debug|Any CPU.Build.0 = Debug|Any CPU
		{9E4C6EFA-B702-425A-8983-D64A890E36C7}.Release|Any CPU.ActiveCfg = Release|Any CPU
		{9E4C6EFA-B702-425A-8983-D64A890E36C7}.Release|Any CPU.Build.0 = Release|Any CPU
	EndGlobalSection
	GlobalSection(SolutionProperties) = preSolution
		HideSolutionNode = FALSE
	EndGlobalSection
	GlobalSection(ExtensibilityGlobals) = postSolution
		SolutionGuid = {9F1B1725-9CB2-44D2-A1CE-9FF134C7F54E}
	EndGlobalSection
EndGlobal
